
Microsoft Visual Studio Solution File, Format Version 12.00
Project("{FAE04EC0-301F-11D3-BF4B-00C04F79EFBC}") = "Exceçoes e Coleções", "Exceçoes e Coleções.csproj", "{AD51D7D8-A277-49FB-BC1D-CACD748D3B33}"
EndProject
Global
	GlobalSection(SolutionConfigurationPlatforms) = preSolution
		Debug|Any CPU = Debug|Any CPU
		Release|Any CPU = Release|Any CPU
	EndGlobalSection
	GlobalSection(ProjectConfigurationPlatforms) = postSolution
		{AD51D7D8-A277-49FB-BC1D-CACD748D3B33}.Debug|Any CPU.ActiveCfg = Debug|Any CPU
		{AD51D7D8-A277-49FB-BC1D-CACD748D3B33}.Debug|Any CPU.Build.0 = Debug|Any CPU
		{AD51D7D8-A277-49FB-BC1D-CACD748D3B33}.Release|Any CPU.ActiveCfg = Release|Any CPU
		{AD51D7D8-A277-49FB-BC1D-CACD748D3B33}.Release|Any CPU.Build.0 = Release|Any CPU
	EndGlobalSection
EndGlobal
